Microsoft Visual Studio Solution File, Format Version 12.00
# Visual Studio Version 17
VisualStudioVersion = 17.5.2.0
MinimumVisualStudioVersion = 10.0.40219.1
Project("{FAE04EC0-301F-11D3-BF4B-00C04F79EFBC}") = "dotnet-core-webservice", "dotnet-core-webservice.csproj", "{BEEF075E-2107-3A32-DA67-9DECE3CD719D}"
EndProject
Global
	GlobalSection(SolutionConfigurationPlatforms) = preSolution
		Debug|Any CPU = Debug|Any CPU
		Release|Any CPU = Release|Any CPU
	EndGlobalSection
	GlobalSection(ProjectConfigurationPlatforms) = postSolution
		{BEEF075E-2107-3A32-DA67-9DECE3CD719D}.Debug|Any CPU.ActiveCfg = Debug|Any CPU
		{BEEF075E-2107-3A32-DA67-9DECE3CD719D}.Debug|Any CPU.Build.0 = Debug|Any CPU
		{BEEF075E-2107-3A32-DA67-9DECE3CD719D}.Release|Any CPU.ActiveCfg = Release|Any CPU
		{BEEF075E-2107-3A32-DA67-9DECE3CD719D}.Release|Any CPU.Build.0 = Release|Any CPU
	EndGlobalSection
	GlobalSection(SolutionProperties) = preSolution
		HideSolutionNode = FALSE
	EndGlobalSection
	GlobalSection(ExtensibilityGlobals) = postSolution
		SolutionGuid = {CF6156F1-E8A7-4F96-A718-45BF3432B2CF}
	EndGlobalSection
EndGlobal
